
Microsoft Visual Studio Solution File, Format Version 12.00
# Visual Studio 15
VisualStudioVersion = 15.0.28307.271
MinimumVisualStudioVersion = 10.0.40219.1
Project("{FAE04EC0-301F-11D3-BF4B-00C04F79EFBC}") = "EjemplogitHub", "EjemplogitHub\EjemplogitHub.csproj", "{0CFA660A-308F-420F-8F3D-F053B90DE332}"
EndProject
Global
	GlobalSection(SolutionConfigurationPlatforms) = preSolution
		Debug|Any CPU = Debug|Any CPU
		Release|Any CPU = Release|Any CPU
	EndGlobalSection
	GlobalSection(ProjectConfigurationPlatforms) = postSolution
		{0CFA660A-308F-420F-8F3D-F053B90DE332}.Debug|Any CPU.ActiveCfg = Debug|Any CPU
		{0CFA660A-308F-420F-8F3D-F053B90DE332}.Debug|Any CPU.Build.0 = Debug|Any CPU
		{0CFA660A-308F-420F-8F3D-F053B90DE332}.Release|Any CPU.ActiveCfg = Release|Any CPU
		{0CFA660A-308F-420F-8F3D-F053B90DE332}.Release|Any CPU.Build.0 = Release|Any CPU
	EndGlobalSection
	GlobalSection(SolutionProperties) = preSolution
		HideSolutionNode = FALSE
	EndGlobalSection
	GlobalSection(ExtensibilityGlobals) = postSolution
		SolutionGuid = {47ADE1B7-F024-46A7-9DC0-E23FD06EDFF0}
	EndGlobalSection
EndGlobal
